// !$*UTF8*$!
{
	archiveVersion = 1;
	classes = {
	};
	objectVersion = 51;
	objects = {

/* Begin PBXBuildFile section */
		66C73E8EF7E5DA251CF6CE5E /* Pods_Oshidori.framework in Frameworks */ = {isa = PBXBuildFile; fileRef = 549C64E89FB8F49CDD276DD4 /* Pods_Oshidori.framework */; };
		6707D3D9225AE7B0007529FA /* ReceiveMessageTableViewCell.swift in Sources */ = {isa = PBXBuildFile; fileRef = 6707D3D7225AE7B0007529FA /* ReceiveMessageTableViewCell.swift */; };
		6707D3DA225AE7B0007529FA /* ReceiveMessageTableViewCell.xib in Resources */ = {isa = PBXBuildFile; fileRef = 6707D3D8225AE7B0007529FA /* ReceiveMessageTableViewCell.xib */; };
		6707E0AC225ADB4E00C12A5A /* ReceiveMessageViewController.swift in Sources */ = {isa = PBXBuildFile; fileRef = 6707E0AB225ADB4E00C12A5A /* ReceiveMessageViewController.swift */; };
		670A16AC226D76F8006C8F47 /* SelectRegisterOrLogin.storyboard in Resources */ = {isa = PBXBuildFile; fileRef = 670A16AB226D76F8006C8F47 /* SelectRegisterOrLogin.storyboard */; };
		670A16AE226D7F9B006C8F47 /* SelectRegisterOrLoginViewController.swift in Sources */ = {isa = PBXBuildFile; fileRef = 670A16AD226D7F9B006C8F47 /* SelectRegisterOrLoginViewController.swift */; };
		6723DEA4224E176F00B3DF69 /* Login.storyboard in Resources */ = {isa = PBXBuildFile; fileRef = 6723DEA3224E176F00B3DF69 /* Login.storyboard */; };
		6723DEA8224F10B600B3DF69 /* LoginViewController.swift in Sources */ = {isa = PBXBuildFile; fileRef = 6723DEA7224F10B600B3DF69 /* LoginViewController.swift */; };
		6723DEAC224F51C800B3DF69 /* User.swift in Sources */ = {isa = PBXBuildFile; fileRef = 6723DEAB224F51C800B3DF69 /* User.swift */; };
		6723DEAE224F52BB00B3DF69 /* Credential.swift in Sources */ = {isa = PBXBuildFile; fileRef = 6723DEAD224F52BB00B3DF69 /* Credential.swift */; };
		6723DEB522509BA100B3DF69 /* UIViewController.swift in Sources */ = {isa = PBXBuildFile; fileRef = 6723DEB422509BA100B3DF69 /* UIViewController.swift */; };
		6723DEB82250AA7500B3DF69 /* RegistAuthUserViewController.swift in Sources */ = {isa = PBXBuildFile; fileRef = 6723DEB72250AA7500B3DF69 /* RegistAuthUserViewController.swift */; };
		6723DEBC2253193500B3DF69 /* SendMessage.storyboard in Resources */ = {isa = PBXBuildFile; fileRef = 6723DEBB2253193500B3DF69 /* SendMessage.storyboard */; };
		6723DEBE2254396700B3DF69 /* Message.swift in Sources */ = {isa = PBXBuildFile; fileRef = 6723DEBD2254396700B3DF69 /* Message.swift */; };
		6723DEC02254415C00B3DF69 /* SendMessageViewController.swift in Sources */ = {isa = PBXBuildFile; fileRef = 6723DEBF2254415C00B3DF69 /* SendMessageViewController.swift */; };
		672B7D162286F674008FA9D1 /* AppDescriptionViewController.swift in Sources */ = {isa = PBXBuildFile; fileRef = 672B7D152286F674008FA9D1 /* AppDescriptionViewController.swift */; };
		672B7D192286F6A3008FA9D1 /* AppDescriptionViewController.storyboard in Resources */ = {isa = PBXBuildFile; fileRef = 672B7D182286F6A3008FA9D1 /* AppDescriptionViewController.storyboard */; };
		6732EA53227AB35C00C4AF6C /* EditUserInfoService.swift in Sources */ = {isa = PBXBuildFile; fileRef = 6732EA52227AB35C00C4AF6C /* EditUserInfoService.swift */; };
		6732EA59227BEA6100C4AF6C /* RoomFirestoreRepository.swift in Sources */ = {isa = PBXBuildFile; fileRef = 6732EA58227BEA6100C4AF6C /* RoomFirestoreRepository.swift */; };
		6732EA5B227BEAB700C4AF6C /* Room.swift in Sources */ = {isa = PBXBuildFile; fileRef = 6732EA5A227BEAB700C4AF6C /* Room.swift */; };
		6732EA5D227BEF2C00C4AF6C /* ReadQRcodeService.swift in Sources */ = {isa = PBXBuildFile; fileRef = 6732EA5C227BEF2C00C4AF6C /* ReadQRcodeService.swift */; };
		6732F280224DB2F500011710 /* AppDelegate.swift in Sources */ = {isa = PBXBuildFile; fileRef = 6732F27F224DB2F500011710 /* AppDelegate.swift */; };
		6732F288224DB2F500011710 /* Oshidori.xcdatamodeld in Sources */ = {isa = PBXBuildFile; fileRef = 6732F286224DB2F500011710 /* Oshidori.xcdatamodeld */; };
		6732F28A224DB2F600011710 /* Assets.xcassets in Resources */ = {isa = PBXBuildFile; fileRef = 6732F289224DB2F600011710 /* Assets.xcassets */; };
		6732F28D224DB2F600011710 /* LaunchScreen.storyboard in Resources */ = {isa = PBXBuildFile; fileRef = 6732F28B224DB2F600011710 /* LaunchScreen.storyboard */; };
		6732F298224DB2F600011710 /* OshidoriTests.swift in Sources */ = {isa = PBXBuildFile; fileRef = 6732F297224DB2F600011710 /* OshidoriTests.swift */; };
		6732F2A3224DB2F600011710 /* OshidoriUITests.swift in Sources */ = {isa = PBXBuildFile; fileRef = 6732F2A2224DB2F600011710 /* OshidoriUITests.swift */; };
		6736F1632254B45000E89952 /* UserDefault.swift in Sources */ = {isa = PBXBuildFile; fileRef = 6736F1622254B45000E89952 /* UserDefault.swift */; };
		67579D7122782132007AA6DA /* UserMessageInfo.swift in Sources */ = {isa = PBXBuildFile; fileRef = 67579D7022782132007AA6DA /* UserMessageInfo.swift */; };
		67579D7922787F4D007AA6DA /* TimelineFirestoreRepository.swift in Sources */ = {isa = PBXBuildFile; fileRef = 67579D7822787F4D007AA6DA /* TimelineFirestoreRepository.swift */; };
		67579D7B22787FD2007AA6DA /* TimelineService.swift in Sources */ = {isa = PBXBuildFile; fileRef = 67579D7A22787FD2007AA6DA /* TimelineService.swift */; };
		676AF050228050EA00BDB911 /* UIStoryboard+Instantiation.swift in Sources */ = {isa = PBXBuildFile; fileRef = 676AF04F228050EA00BDB911 /* UIStoryboard+Instantiation.swift */; };
		676AF05A2281512A00BDB911 /* PartnerSettingViewController.swift in Sources */ = {isa = PBXBuildFile; fileRef = 676AF0592281512A00BDB911 /* PartnerSettingViewController.swift */; };
		676AF05E2281532800BDB911 /* PartnerSettingViewController.storyboard in Resources */ = {isa = PBXBuildFile; fileRef = 676AF05D2281532800BDB911 /* PartnerSettingViewController.storyboard */; };
		676AF060228171FB00BDB911 /* MessageRoomViewController.swift in Sources */ = {isa = PBXBuildFile; fileRef = 676AF05F228171FB00BDB911 /* MessageRoomViewController.swift */; };
		676AF0622281720C00BDB911 /* MessageRoomViewController.storyboard in Resources */ = {isa = PBXBuildFile; fileRef = 676AF0612281720C00BDB911 /* MessageRoomViewController.storyboard */; };
		676AF0652281860F00BDB911 /* MessageRoomService.swift in Sources */ = {isa = PBXBuildFile; fileRef = 676AF0642281860F00BDB911 /* MessageRoomService.swift */; };
		676AF0672281863500BDB911 /* MessageRoomFirestoreRepository.swift in Sources */ = {isa = PBXBuildFile; fileRef = 676AF0662281863500BDB911 /* MessageRoomFirestoreRepository.swift */; };
		676AF06B2283F1BA00BDB911 /* ResettingPasswordViewController.swift in Sources */ = {isa = PBXBuildFile; fileRef = 676AF06A2283F1BA00BDB911 /* ResettingPasswordViewController.swift */; };
		677AB2FF2270227B00DBCD62 /* UserInformationFirestoreRepository.swift in Sources */ = {isa = PBXBuildFile; fileRef = 677AB2FE2270227B00DBCD62 /* UserInformationFirestoreRepository.swift */; };
		677AB3022270238400DBCD62 /* UserInfoService.swift in Sources */ = {isa = PBXBuildFile; fileRef = 677AB3012270238400DBCD62 /* UserInfoService.swift */; };
		677D6BD92265F06700C5E069 /* RegistUserInfoViewController.swift in Sources */ = {isa = PBXBuildFile; fileRef = 677D6BD82265F06700C5E069 /* RegistUserInfoViewController.swift */; };
		67920DB522643E8500127083 /* ShowQRcode.storyboard in Resources */ = {isa = PBXBuildFile; fileRef = 67920DB422643E8500127083 /* ShowQRcode.storyboard */; };
		67920DB72264409900127083 /* ShowQRcodeViewController.swift in Sources */ = {isa = PBXBuildFile; fileRef = 67920DB62264409900127083 /* ShowQRcodeViewController.swift */; };
		67920DDC2264730500127083 /* ReadQRcodeViewController.swift in Sources */ = {isa = PBXBuildFile; fileRef = 67920DDB2264730500127083 /* ReadQRcodeViewController.swift */; };
		67A2D5AC2276807200755F0B /* EditUserInfo.storyboard in Resources */ = {isa = PBXBuildFile; fileRef = 67A2D5AB2276807200755F0B /* EditUserInfo.storyboard */; };
		67A2D5AE2276809600755F0B /* RegistUserInfo.storyboard in Resources */ = {isa = PBXBuildFile; fileRef = 67A2D5AD2276809600755F0B /* RegistUserInfo.storyboard */; };
		67A2D5B0227680FA00755F0B /* ReceiveMessage.storyboard in Resources */ = {isa = PBXBuildFile; fileRef = 67A2D5AF227680FA00755F0B /* ReceiveMessage.storyboard */; };
		67A2D5B42276A88500755F0B /* MypageViewController.swift in Sources */ = {isa = PBXBuildFile; fileRef = 67A2D5B32276A88500755F0B /* MypageViewController.swift */; };
		67A2D5B62276A89300755F0B /* Mypage.storyboard in Resources */ = {isa = PBXBuildFile; fileRef = 67A2D5B52276A89300755F0B /* Mypage.storyboard */; };
		67A2D5BA2276BEE100755F0B /* MyImageAndNameTableViewCell.swift in Sources */ = {isa = PBXBuildFile; fileRef = 67A2D5B82276BEE100755F0B /* MyImageAndNameTableViewCell.swift */; };
		67A2D5BB2276BEE100755F0B /* MyImageAndNameTableViewCell.xib in Resources */ = {isa = PBXBuildFile; fileRef = 67A2D5B92276BEE100755F0B /* MyImageAndNameTableViewCell.xib */; };
		67A2D5BE2276BFD400755F0B /* MessageReportTableViewCell.swift in Sources */ = {isa = PBXBuildFile; fileRef = 67A2D5BC2276BFD400755F0B /* MessageReportTableViewCell.swift */; };
		67A2D5BF2276BFD400755F0B /* MessageReportTableViewCell.xib in Resources */ = {isa = PBXBuildFile; fileRef = 67A2D5BD2276BFD400755F0B /* MessageReportTableViewCell.xib */; };
		67A2D5C42277042D00755F0B /* EditInformation.storyboard in Resources */ = {isa = PBXBuildFile; fileRef = 67A2D5C32277042D00755F0B /* EditInformation.storyboard */; };
		67A2D5C62277044600755F0B /* EditInformationViewController.swift in Sources */ = {isa = PBXBuildFile; fileRef = 67A2D5C52277044600755F0B /* EditInformationViewController.swift */; };
		67C7ABA822795FF700344D6E /* MypageService.swift in Sources */ = {isa = PBXBuildFile; fileRef = 67C7ABA722795FF700344D6E /* MypageService.swift */; };
		67C7ABAC2279607100344D6E /* UserMessageInfoFirestoreRepository.swift in Sources */ = {isa = PBXBuildFile; fileRef = 67C7ABAB2279607100344D6E /* UserMessageInfoFirestoreRepository.swift */; };
		67C7ABAE2279A04A00344D6E /* RepresentationMessage.swift in Sources */ = {isa = PBXBuildFile; fileRef = 67C7ABAD2279A04A00344D6E /* RepresentationMessage.swift */; };
		67C9E047225EB6DD00516B3D /* Timeline.storyboard in Resources */ = {isa = PBXBuildFile; fileRef = 67C9E046225EB6DD00516B3D /* Timeline.storyboard */; };
		67C9E049225EB7D200516B3D /* Tabbar.storyboard in Resources */ = {isa = PBXBuildFile; fileRef = 67C9E048225EB7D200516B3D /* Tabbar.storyboard */; };
		67C9E04C225EC20200516B3D /* TimelineMessageTableViewCell.swift in Sources */ = {isa = PBXBuildFile; fileRef = 67C9E04A225EC20200516B3D /* TimelineMessageTableViewCell.swift */; };
		67C9E04D225EC20200516B3D /* TimelineMessageTableViewCellTableViewCell.xib in Resources */ = {isa = PBXBuildFile; fileRef = 67C9E04B225EC20200516B3D /* TimelineMessageTableViewCellTableViewCell.xib */; };
		67C9E04F225EC22E00516B3D /* TimelineViewController.swift in Sources */ = {isa = PBXBuildFile; fileRef = 67C9E04E225EC22E00516B3D /* TimelineViewController.swift */; };
		67C9E0512260131700516B3D /* OshidoriColor.swift in Sources */ = {isa = PBXBuildFile; fileRef = 67C9E0502260131700516B3D /* OshidoriColor.swift */; };
		67C9E053226017B200516B3D /* TabBarController.swift in Sources */ = {isa = PBXBuildFile; fileRef = 67C9E052226017B200516B3D /* TabBarController.swift */; };
		67DD01D422686DEC00583BF6 /* ReadQRcode.storyboard in Resources */ = {isa = PBXBuildFile; fileRef = 67DD01D322686DEC00583BF6 /* ReadQRcode.storyboard */; };
		67E291DE22867B2A00AF4B81 /* GoogleService-Info.plist in Resources */ = {isa = PBXBuildFile; fileRef = 67E291DD22867B2A00AF4B81 /* GoogleService-Info.plist */; };
		67EE40CD2265947C00E2F2C5 /* RegistAuthUser.storyboard in Resources */ = {isa = PBXBuildFile; fileRef = 67EE40CC2265947C00E2F2C5 /* RegistAuthUser.storyboard */; };
		67EE40CF2265AAFF00E2F2C5 /* EditUserInfoViewController.swift in Sources */ = {isa = PBXBuildFile; fileRef = 67EE40CE2265AAFF00E2F2C5 /* EditUserInfoViewController.swift */; };
		67EE40D12265D58800E2F2C5 /* UserInformation.swift in Sources */ = {isa = PBXBuildFile; fileRef = 67EE40D02265D58800E2F2C5 /* UserInformation.swift */; };
		71F8B5DA7E61B3C10BA63779 /* Pods_OshidoriUITests.framework in Frameworks */ = {isa = PBXBuildFile; fileRef = 7700FA585812734E8D2C9BA0 /* Pods_OshidoriUITests.framework */; };
		C74256F218E242436241BFE4 /* Pods_OshidoriTests.framework in Frameworks */ = {isa = PBXBuildFile; fileRef = 269001C7C32D0828E6D11825 /* Pods_OshidoriTests.framework */; };
/* End PBXBuildFile section */

/* Begin PBXContainerItemProxy section */
		6732F294224DB2F600011710 /* PBXContainerItemProxy */ = {
			isa = PBXContainerItemProxy;
			containerPortal = 6732F274224DB2F500011710 /* Project object */;
			proxyType = 1;
			remoteGlobalIDString = 6732F27B224DB2F500011710;
			remoteInfo = Oshidori;
		};
		6732F29F224DB2F600011710 /* PBXContainerItemProxy */ = {
			isa = PBXContainerItemProxy;
			containerPortal = 6732F274224DB2F500011710 /* Project object */;
			proxyType = 1;
			remoteGlobalIDString = 6732F27B224DB2F500011710;
			remoteInfo = Oshidori;
		};
/* End PBXContainerItemProxy section */

/* Begin PBXFileReference section */
		2369E401E5EEF6AB5F998CEE /* Pods-OshidoriTests.release.xcconfig */ = {isa = PBXFileReference; includeInIndex = 1; lastKnownFileType = text.xcconfig; name = "Pods-OshidoriTests.release.xcconfig"; path = "Pods/Target Support Files/Pods-OshidoriTests/Pods-OshidoriTests.release.xcconfig"; sourceTree = "<group>"; };
		269001C7C32D0828E6D11825 /* Pods_OshidoriTests.framework */ = {isa = PBXFileReference; explicitFileType = wrapper.framework; includeInIndex = 0; path = Pods_OshidoriTests.framework; sourceTree = BUILT_PRODUCTS_DIR; };
		3F67F92A9913F9418DE25909 /* Pods-OshidoriUITests.release.xcconfig */ = {isa = PBXFileReference; includeInIndex = 1; lastKnownFileType = text.xcconfig; name = "Pods-OshidoriUITests.release.xcconfig"; path = "Pods/Target Support Files/Pods-OshidoriUITests/Pods-OshidoriUITests.release.xcconfig"; sourceTree = "<group>"; };
		549C64E89FB8F49CDD276DD4 /* Pods_Oshidori.framework */ = {isa = PBXFileReference; explicitFileType = wrapper.framework; includeInIndex = 0; path = Pods_Oshidori.framework; sourceTree = BUILT_PRODUCTS_DIR; };
		6707D3D7225AE7B0007529FA /* ReceiveMessageTableViewCell.swift */ = {isa = PBXFileReference; lastKnownFileType = sourcecode.swift; path = ReceiveMessageTableViewCell.swift; sourceTree = "<group>"; };
		6707D3D8225AE7B0007529FA /* ReceiveMessageTableViewCell.xib */ = {isa = PBXFileReference; lastKnownFileType = file.xib; path = ReceiveMessageTableViewCell.xib; sourceTree = "<group>"; };
		6707E0AB225ADB4E00C12A5A /* ReceiveMessageViewController.swift */ = {isa = PBXFileReference; lastKnownFileType = sourcecode.swift; path = ReceiveMessageViewController.swift; sourceTree = "<group>"; };
		670A16AB226D76F8006C8F47 /* SelectRegisterOrLogin.storyboard */ = {isa = PBXFileReference; lastKnownFileType = file.storyboard; path = SelectRegisterOrLogin.storyboard; sourceTree = "<group>"; };
		670A16AD226D7F9B006C8F47 /* SelectRegisterOrLoginViewController.swift */ = {isa = PBXFileReference; lastKnownFileType = sourcecode.swift; path = SelectRegisterOrLoginViewController.swift; sourceTree = "<group>"; };
		6723DEA3224E176F00B3DF69 /* Login.storyboard */ = {isa = PBXFileReference; lastKnownFileType = file.storyboard; path = Login.storyboard; sourceTree = "<group>"; };
		6723DEA7224F10B600B3DF69 /* LoginViewController.swift */ = {isa = PBXFileReference; lastKnownFileType = sourcecode.swift; path = LoginViewController.swift; sourceTree = "<group>"; };
		6723DEAB224F51C800B3DF69 /* User.swift */ = {isa = PBXFileReference; lastKnownFileType = sourcecode.swift; path = User.swift; sourceTree = "<group>"; };
		6723DEAD224F52BB00B3DF69 /* Credential.swift */ = {isa = PBXFileReference; lastKnownFileType = sourcecode.swift; path = Credential.swift; sourceTree = "<group>"; };
		6723DEB422509BA100B3DF69 /* UIViewController.swift */ = {isa = PBXFileReference; lastKnownFileType = sourcecode.swift; path = UIViewController.swift; sourceTree = "<group>"; };
		6723DEB72250AA7500B3DF69 /* RegistAuthUserViewController.swift */ = {isa = PBXFileReference; lastKnownFileType = sourcecode.swift; path = RegistAuthUserViewController.swift; sourceTree = "<group>"; };
		6723DEBB2253193500B3DF69 /* SendMessage.storyboard */ = {isa = PBXFileReference; lastKnownFileType = file.storyboard; path = SendMessage.storyboard; sourceTree = "<group>"; };
		6723DEBD2254396700B3DF69 /* Message.swift */ = {isa = PBXFileReference; lastKnownFileType = sourcecode.swift; path = Message.swift; sourceTree = "<group>"; };
		6723DEBF2254415C00B3DF69 /* SendMessageViewController.swift */ = {isa = PBXFileReference; lastKnownFileType = sourcecode.swift; path = SendMessageViewController.swift; sourceTree = "<group>"; };
		672B7D152286F674008FA9D1 /* AppDescriptionViewController.swift */ = {isa = PBXFileReference; lastKnownFileType = sourcecode.swift; path = AppDescriptionViewController.swift; sourceTree = "<group>"; };
		672B7D182286F6A3008FA9D1 /* AppDescriptionViewController.storyboard */ = {isa = PBXFileReference; lastKnownFileType = file.storyboard; path = AppDescriptionViewController.storyboard; sourceTree = "<group>"; };
		6732EA52227AB35C00C4AF6C /* EditUserInfoService.swift */ = {isa = PBXFileReference; lastKnownFileType = sourcecode.swift; path = EditUserInfoService.swift; sourceTree = "<group>"; };
		6732EA58227BEA6100C4AF6C /* RoomFirestoreRepository.swift */ = {isa = PBXFileReference; lastKnownFileType = sourcecode.swift; path = RoomFirestoreRepository.swift; sourceTree = "<group>"; };
		6732EA5A227BEAB700C4AF6C /* Room.swift */ = {isa = PBXFileReference; lastKnownFileType = sourcecode.swift; path = Room.swift; sourceTree = "<group>"; };
		6732EA5C227BEF2C00C4AF6C /* ReadQRcodeService.swift */ = {isa = PBXFileReference; lastKnownFileType = sourcecode.swift; path = ReadQRcodeService.swift; sourceTree = "<group>"; };
		6732F27C224DB2F500011710 /* Oshidori.app */ = {isa = PBXFileReference; explicitFileType = wrapper.application; includeInIndex = 0; path = Oshidori.app; sourceTree = BUILT_PRODUCTS_DIR; };
		6732F27F224DB2F500011710 /* AppDelegate.swift */ = {isa = PBXFileReference; lastKnownFileType = sourcecode.swift; path = AppDelegate.swift; sourceTree = "<group>"; };
		6732F287224DB2F500011710 /* Oshidori.xcdatamodel */ = {isa = PBXFileReference; lastKnownFileType = wrapper.xcdatamodel; path = Oshidori.xcdatamodel; sourceTree = "<group>"; };
		6732F289224DB2F600011710 /* Assets.xcassets */ = {isa = PBXFileReference; lastKnownFileType = folder.assetcatalog; path = Assets.xcassets; sourceTree = "<group>"; };
		6732F28C224DB2F600011710 /* Base */ = {isa = PBXFileReference; lastKnownFileType = file.storyboard; name = Base; path = Base.lproj/LaunchScreen.storyboard; sourceTree = "<group>"; };
		6732F28E224DB2F600011710 /* Info.plist */ = {isa = PBXFileReference; lastKnownFileType = text.plist.xml; path = Info.plist; sourceTree = "<group>"; };
		6732F293224DB2F600011710 /* OshidoriTests.xctest */ = {isa = PBXFileReference; explicitFileType = wrapper.cfbundle; includeInIndex = 0; path = OshidoriTests.xctest; sourceTree = BUILT_PRODUCTS_DIR; };
		6732F297224DB2F600011710 /* OshidoriTests.swift */ = {isa = PBXFileReference; lastKnownFileType = sourcecode.swift; path = OshidoriTests.swift; sourceTree = "<group>"; };
		6732F299224DB2F600011710 /* Info.plist */ = {isa = PBXFileReference; lastKnownFileType = text.plist.xml; path = Info.plist; sourceTree = "<group>"; };
		6732F29E224DB2F600011710 /* OshidoriUITests.xctest */ = {isa = PBXFileReference; explicitFileType = wrapper.cfbundle; includeInIndex = 0; path = OshidoriUITests.xctest; sourceTree = BUILT_PRODUCTS_DIR; };
		6732F2A2224DB2F600011710 /* OshidoriUITests.swift */ = {isa = PBXFileReference; lastKnownFileType = sourcecode.swift; path = OshidoriUITests.swift; sourceTree = "<group>"; };
		6732F2A4224DB2F600011710 /* Info.plist */ = {isa = PBXFileReference; lastKnownFileType = text.plist.xml; path = Info.plist; sourceTree = "<group>"; };
		6736F1622254B45000E89952 /* UserDefault.swift */ = {isa = PBXFileReference; lastKnownFileType = sourcecode.swift; path = UserDefault.swift; sourceTree = "<group>"; };
		673E9B68227D3764004B0C91 /* Oshidori.entitlements */ = {isa = PBXFileReference; lastKnownFileType = text.plist.entitlements; path = Oshidori.entitlements; sourceTree = "<group>"; };
		67579D7022782132007AA6DA /* UserMessageInfo.swift */ = {isa = PBXFileReference; lastKnownFileType = sourcecode.swift; path = UserMessageInfo.swift; sourceTree = "<group>"; };
		67579D7822787F4D007AA6DA /* TimelineFirestoreRepository.swift */ = {isa = PBXFileReference; lastKnownFileType = sourcecode.swift; path = TimelineFirestoreRepository.swift; sourceTree = "<group>"; };
		67579D7A22787FD2007AA6DA /* TimelineService.swift */ = {isa = PBXFileReference; lastKnownFileType = sourcecode.swift; path = TimelineService.swift; sourceTree = "<group>"; };
		676AF04F228050EA00BDB911 /* UIStoryboard+Instantiation.swift */ = {isa = PBXFileReference; lastKnownFileType = sourcecode.swift; path = "UIStoryboard+Instantiation.swift"; sourceTree = "<group>"; };
		676AF0592281512A00BDB911 /* PartnerSettingViewController.swift */ = {isa = PBXFileReference; lastKnownFileType = sourcecode.swift; path = PartnerSettingViewController.swift; sourceTree = "<group>"; };
		676AF05D2281532800BDB911 /* PartnerSettingViewController.storyboard */ = {isa = PBXFileReference; lastKnownFileType = file.storyboard; path = PartnerSettingViewController.storyboard; sourceTree = "<group>"; };
		676AF05F228171FB00BDB911 /* MessageRoomViewController.swift */ = {isa = PBXFileReference; lastKnownFileType = sourcecode.swift; path = MessageRoomViewController.swift; sourceTree = "<group>"; };
		676AF0612281720C00BDB911 /* MessageRoomViewController.storyboard */ = {isa = PBXFileReference; lastKnownFileType = file.storyboard; path = MessageRoomViewController.storyboard; sourceTree = "<group>"; };
		676AF0642281860F00BDB911 /* MessageRoomService.swift */ = {isa = PBXFileReference; lastKnownFileType = sourcecode.swift; path = MessageRoomService.swift; sourceTree = "<group>"; };
		676AF0662281863500BDB911 /* MessageRoomFirestoreRepository.swift */ = {isa = PBXFileReference; lastKnownFileType = sourcecode.swift; path = MessageRoomFirestoreRepository.swift; sourceTree = "<group>"; };
		676AF06A2283F1BA00BDB911 /* ResettingPasswordViewController.swift */ = {isa = PBXFileReference; lastKnownFileType = sourcecode.swift; path = ResettingPasswordViewController.swift; sourceTree = "<group>"; };
		677AB2FE2270227B00DBCD62 /* UserInformationFirestoreRepository.swift */ = {isa = PBXFileReference; lastKnownFileType = sourcecode.swift; path = UserInformationFirestoreRepository.swift; sourceTree = "<group>"; };
		677AB3012270238400DBCD62 /* UserInfoService.swift */ = {isa = PBXFileReference; lastKnownFileType = sourcecode.swift; path = UserInfoService.swift; sourceTree = "<group>"; };
		677D6BD82265F06700C5E069 /* RegistUserInfoViewController.swift */ = {isa = PBXFileReference; lastKnownFileType = sourcecode.swift; path = RegistUserInfoViewController.swift; sourceTree = "<group>"; };
		67920DB422643E8500127083 /* ShowQRcode.storyboard */ = {isa = PBXFileReference; lastKnownFileType = file.storyboard; path = ShowQRcode.storyboard; sourceTree = "<group>"; };
		67920DB62264409900127083 /* ShowQRcodeViewController.swift */ = {isa = PBXFileReference; lastKnownFileType = sourcecode.swift; path = ShowQRcodeViewController.swift; sourceTree = "<group>"; };
		67920DDB2264730500127083 /* ReadQRcodeViewController.swift */ = {isa = PBXFileReference; lastKnownFileType = sourcecode.swift; path = ReadQRcodeViewController.swift; sourceTree = "<group>"; };
		67A2D5AB2276807200755F0B /* EditUserInfo.storyboard */ = {isa = PBXFileReference; lastKnownFileType = file.storyboard; path = EditUserInfo.storyboard; sourceTree = "<group>"; };
		67A2D5AD2276809600755F0B /* RegistUserInfo.storyboard */ = {isa = PBXFileReference; lastKnownFileType = file.storyboard; path = RegistUserInfo.storyboard; sourceTree = "<group>"; };
		67A2D5AF227680FA00755F0B /* ReceiveMessage.storyboard */ = {isa = PBXFileReference; lastKnownFileType = file.storyboard; path = ReceiveMessage.storyboard; sourceTree = "<group>"; };
		67A2D5B32276A88500755F0B /* MypageViewController.swift */ = {isa = PBXFileReference; lastKnownFileType = sourcecode.swift; path = MypageViewController.swift; sourceTree = "<group>"; };
		67A2D5B52276A89300755F0B /* Mypage.storyboard */ = {isa = PBXFileReference; lastKnownFileType = file.storyboard; path = Mypage.storyboard; sourceTree = "<group>"; };
		67A2D5B82276BEE100755F0B /* MyImageAndNameTableViewCell.swift */ = {isa = PBXFileReference; lastKnownFileType = sourcecode.swift; path = MyImageAndNameTableViewCell.swift; sourceTree = "<group>"; };
		67A2D5B92276BEE100755F0B /* MyImageAndNameTableViewCell.xib */ = {isa = PBXFileReference; lastKnownFileType = file.xib; path = MyImageAndNameTableViewCell.xib; sourceTree = "<group>"; };
		67A2D5BC2276BFD400755F0B /* MessageReportTableViewCell.swift */ = {isa = PBXFileReference; lastKnownFileType = sourcecode.swift; path = MessageReportTableViewCell.swift; sourceTree = "<group>"; };
		67A2D5BD2276BFD400755F0B /* MessageReportTableViewCell.xib */ = {isa = PBXFileReference; lastKnownFileType = file.xib; path = MessageReportTableViewCell.xib; sourceTree = "<group>"; };
		67A2D5C32277042D00755F0B /* EditInformation.storyboard */ = {isa = PBXFileReference; lastKnownFileType = file.storyboard; path = EditInformation.storyboard; sourceTree = "<group>"; };
		67A2D5C52277044600755F0B /* EditInformationViewController.swift */ = {isa = PBXFileReference; lastKnownFileType = sourcecode.swift; path = EditInformationViewController.swift; sourceTree = "<group>"; };
		67C7ABA722795FF700344D6E /* MypageService.swift */ = {isa = PBXFileReference; lastKnownFileType = sourcecode.swift; path = MypageService.swift; sourceTree = "<group>"; };
		67C7ABAB2279607100344D6E /* UserMessageInfoFirestoreRepository.swift */ = {isa = PBXFileReference; lastKnownFileType = sourcecode.swift; path = UserMessageInfoFirestoreRepository.swift; sourceTree = "<group>"; };
		67C7ABAD2279A04A00344D6E /* RepresentationMessage.swift */ = {isa = PBXFileReference; lastKnownFileType = sourcecode.swift; path = RepresentationMessage.swift; sourceTree = "<group>"; };
		67C9E046225EB6DD00516B3D /* Timeline.storyboard */ = {isa = PBXFileReference; lastKnownFileType = file.storyboard; path = Timeline.storyboard; sourceTree = "<group>"; };
		67C9E048225EB7D200516B3D /* Tabbar.storyboard */ = {isa = PBXFileReference; lastKnownFileType = file.storyboard; path = Tabbar.storyboard; sourceTree = "<group>"; };
		67C9E04A225EC20200516B3D /* TimelineMessageTableViewCell.swift */ = {isa = PBXFileReference; lastKnownFileType = sourcecode.swift; path = TimelineMessageTableViewCell.swift; sourceTree = "<group>"; };
		67C9E04B225EC20200516B3D /* TimelineMessageTableViewCellTableViewCell.xib */ = {isa = PBXFileReference; lastKnownFileType = file.xib; path = TimelineMessageTableViewCellTableViewCell.xib; sourceTree = "<group>"; };
		67C9E04E225EC22E00516B3D /* TimelineViewController.swift */ = {isa = PBXFileReference; lastKnownFileType = sourcecode.swift; path = TimelineViewController.swift; sourceTree = "<group>"; };
		67C9E0502260131700516B3D /* OshidoriColor.swift */ = {isa = PBXFileReference; lastKnownFileType = sourcecode.swift; path = OshidoriColor.swift; sourceTree = "<group>"; };
		67C9E052226017B200516B3D /* TabBarController.swift */ = {isa = PBXFileReference; lastKnownFileType = sourcecode.swift; path = TabBarController.swift; sourceTree = "<group>"; };
		67DD01D322686DEC00583BF6 /* ReadQRcode.storyboard */ = {isa = PBXFileReference; lastKnownFileType = file.storyboard; path = ReadQRcode.storyboard; sourceTree = "<group>"; };
		67E291DD22867B2A00AF4B81 /* GoogleService-Info.plist */ = {isa = PBXFileReference; fileEncoding = 4; lastKnownFileType = text.plist.xml; name = "GoogleService-Info.plist"; path = "../../../../../../../Downloads/GoogleService-Info.plist"; sourceTree = "<group>"; };
		67EE40CC2265947C00E2F2C5 /* RegistAuthUser.storyboard */ = {isa = PBXFileReference; lastKnownFileType = file.storyboard; path = RegistAuthUser.storyboard; sourceTree = "<group>"; };
		67EE40CE2265AAFF00E2F2C5 /* EditUserInfoViewController.swift */ = {isa = PBXFileReference; lastKnownFileType = sourcecode.swift; path = EditUserInfoViewController.swift; sourceTree = "<group>"; };
		67EE40D02265D58800E2F2C5 /* UserInformation.swift */ = {isa = PBXFileReference; lastKnownFileType = sourcecode.swift; path = UserInformation.swift; sourceTree = "<group>"; };
		7700FA585812734E8D2C9BA0 /* Pods_OshidoriUITests.framework */ = {isa = PBXFileReference; explicitFileType = wrapper.framework; includeInIndex = 0; path = Pods_OshidoriUITests.framework; sourceTree = BUILT_PRODUCTS_DIR; };
		94F39C30B74CB220E1073109 /* Pods-Oshidori.debug.xcconfig */ = {isa = PBXFileReference; includeInIndex = 1; lastKnownFileType = text.xcconfig; name = "Pods-Oshidori.debug.xcconfig"; path = "Pods/Target Support Files/Pods-Oshidori/Pods-Oshidori.debug.xcconfig"; sourceTree = "<group>"; };
		A484EA0957D17B99E82E6CB8 /* Pods-OshidoriTests.debug.xcconfig */ = {isa = PBXFileReference; includeInIndex = 1; lastKnownFileType = text.xcconfig; name = "Pods-OshidoriTests.debug.xcconfig"; path = "Pods/Target Support Files/Pods-OshidoriTests/Pods-OshidoriTests.debug.xcconfig"; sourceTree = "<group>"; };
		E52C300833ED9195138F7411 /* Pods-OshidoriUITests.debug.xcconfig */ = {isa = PBXFileReference; includeInIndex = 1; lastKnownFileType = text.xcconfig; name = "Pods-OshidoriUITests.debug.xcconfig"; path = "Pods/Target Support Files/Pods-OshidoriUITests/Pods-OshidoriUITests.debug.xcconfig"; sourceTree = "<group>"; };
		FF072515068B5F54AC5B64AE /* Pods-Oshidori.release.xcconfig */ = {isa = PBXFileReference; includeInIndex = 1; lastKnownFileType = text.xcconfig; name = "Pods-Oshidori.release.xcconfig"; path = "Pods/Target Support Files/Pods-Oshidori/Pods-Oshidori.release.xcconfig"; sourceTree = "<group>"; };
/* End PBXFileReference section */

/* Begin PBXFrameworksBuildPhase section */
		6732F279224DB2F500011710 /* Frameworks */ = {
			isa = PBXFrameworksBuildPhase;
			buildActionMask = 2147483647;
			files = (
				66C73E8EF7E5DA251CF6CE5E /* Pods_Oshidori.framework in Frameworks */,
			);
			runOnlyForDeploymentPostprocessing = 0;
		};
		6732F290224DB2F600011710 /* Frameworks */ = {
			isa = PBXFrameworksBuildPhase;
			buildActionMask = 2147483647;
			files = (
				C74256F218E242436241BFE4 /* Pods_OshidoriTests.framework in Frameworks */,
			);
			runOnlyForDeploymentPostprocessing = 0;
		};
		6732F29B224DB2F600011710 /* Frameworks */ = {
			isa = PBXFrameworksBuildPhase;
			buildActionMask = 2147483647;
			files = (
				71F8B5DA7E61B3C10BA63779 /* Pods_OshidoriUITests.framework in Frameworks */,
			);
			runOnlyForDeploymentPostprocessing = 0;
		};
/* End PBXFrameworksBuildPhase section */

/* Begin PBXGroup section */
		23FC2DA2C79B5E52DCC3B6F3 /* Pods */ = {
			isa = PBXGroup;
			children = (
				94F39C30B74CB220E1073109 /* Pods-Oshidori.debug.xcconfig */,
				FF072515068B5F54AC5B64AE /* Pods-Oshidori.release.xcconfig */,
				A484EA0957D17B99E82E6CB8 /* Pods-OshidoriTests.debug.xcconfig */,
				2369E401E5EEF6AB5F998CEE /* Pods-OshidoriTests.release.xcconfig */,
				E52C300833ED9195138F7411 /* Pods-OshidoriUITests.debug.xcconfig */,
				3F67F92A9913F9418DE25909 /* Pods-OshidoriUITests.release.xcconfig */,
			);
			name = Pods;
			sourceTree = "<group>";
		};
		6723DEAF224F740600B3DF69 /* Entities */ = {
			isa = PBXGroup;
			children = (
				6723DEAD224F52BB00B3DF69 /* Credential.swift */,
				6723DEAB224F51C800B3DF69 /* User.swift */,
				67EE40D02265D58800E2F2C5 /* UserInformation.swift */,
				67579D7022782132007AA6DA /* UserMessageInfo.swift */,
				6723DEBD2254396700B3DF69 /* Message.swift */,
				67C7ABAD2279A04A00344D6E /* RepresentationMessage.swift */,
				6732EA5A227BEAB700C4AF6C /* Room.swift */,
			);
			path = Entities;
			sourceTree = "<group>";
		};
		6723DEB2224F74CB00B3DF69 /* TabBarController */ = {
			isa = PBXGroup;
			children = (
				67C9E052226017B200516B3D /* TabBarController.swift */,
				67C9E048225EB7D200516B3D /* Tabbar.storyboard */,
			);
			path = TabBarController;
			sourceTree = "<group>";
		};
		6723DEB3224F74DD00B3DF69 /* Storyboard */ = {
			isa = PBXGroup;
			children = (
				6732F28B224DB2F600011710 /* LaunchScreen.storyboard */,
			);
			path = Storyboard;
			sourceTree = "<group>";
		};
		6723DEB622509BAF00B3DF69 /* Extension */ = {
			isa = PBXGroup;
			children = (
				67C9E0502260131700516B3D /* OshidoriColor.swift */,
				6723DEB422509BA100B3DF69 /* UIViewController.swift */,
				6736F1622254B45000E89952 /* UserDefault.swift */,
				676AF04F228050EA00BDB911 /* UIStoryboard+Instantiation.swift */,
			);
			path = Extension;
			sourceTree = "<group>";
		};
		672B7D172286F67A008FA9D1 /* AppDescription Page */ = {
			isa = PBXGroup;
			children = (
				672B7D152286F674008FA9D1 /* AppDescriptionViewController.swift */,
				672B7D182286F6A3008FA9D1 /* AppDescriptionViewController.storyboard */,
			);
			path = "AppDescription Page";
			sourceTree = "<group>";
		};
		6732EA51227AB33800C4AF6C /* ViewController */ = {
			isa = PBXGroup;
			children = (
				67EE40CE2265AAFF00E2F2C5 /* EditUserInfoViewController.swift */,
				67A2D5AB2276807200755F0B /* EditUserInfo.storyboard */,
				67A2D5C52277044600755F0B /* EditInformationViewController.swift */,
				67A2D5C32277042D00755F0B /* EditInformation.storyboard */,
			);
			path = ViewController;
			sourceTree = "<group>";
		};
		6732F273224DB2F500011710 = {
			isa = PBXGroup;
			children = (
				6732F27E224DB2F500011710 /* Oshidori */,
				6732F296224DB2F600011710 /* OshidoriTests */,
				6732F2A1224DB2F600011710 /* OshidoriUITests */,
				6732F27D224DB2F500011710 /* Products */,
				23FC2DA2C79B5E52DCC3B6F3 /* Pods */,
				E07BC4EC061E887F5CAE56AD /* Frameworks */,
			);
			sourceTree = "<group>";
		};
		6732F27D224DB2F500011710 /* Products */ = {
			isa = PBXGroup;
			children = (
				6732F27C224DB2F500011710 /* Oshidori.app */,
				6732F293224DB2F600011710 /* OshidoriTests.xctest */,
				6732F29E224DB2F600011710 /* OshidoriUITests.xctest */,
			);
			name = Products;
			sourceTree = "<group>";
		};
		6732F27E224DB2F500011710 /* Oshidori */ = {
			isa = PBXGroup;
			children = (
				673E9B68227D3764004B0C91 /* Oshidori.entitlements */,
				6732F27F224DB2F500011710 /* AppDelegate.swift */,
				67A2D59F2276797E00755F0B /* Common */,
				6723DEB2224F74CB00B3DF69 /* TabBarController */,
				67A2D5A122767A2F00755F0B /* SelectRegisterOrLogin Page */,
				67A2D5A222767A4800755F0B /* Login Page */,
				67A2D5A322767A5600755F0B /* RegistAuthUser Page */,
				67A2D5AA22767C0C00755F0B /* RegistUserInfo Page */,
				676AF0632281721200BDB911 /* MessageRoom Page */,
				67A2D5A422767AA200755F0B /* SendMessage Page */,
				67A2D5A522767B9900755F0B /* ReceiveMessage Page */,
				67A2D5A622767BAB00755F0B /* Timeline Page */,
				67A2D5A722767BC100755F0B /* ShowQRcode Page */,
				67A2D5A822767BD700755F0B /* ReadQRcode Page */,
				67A2D5A922767BE400755F0B /* EditUserInfo Page */,
				67A2D5B72276A89E00755F0B /* Mypage Page */,
				676AF05C2281530B00BDB911 /* PartnerSetting Page */,
				672B7D172286F67A008FA9D1 /* AppDescription Page */,
			);
			path = Oshidori;
			sourceTree = "<group>";
		};
		6732F296224DB2F600011710 /* OshidoriTests */ = {
			isa = PBXGroup;
			children = (
				6732F297224DB2F600011710 /* OshidoriTests.swift */,
				6732F299224DB2F600011710 /* Info.plist */,
			);
			path = OshidoriTests;
			sourceTree = "<group>";
		};
		6732F2A1224DB2F600011710 /* OshidoriUITests */ = {
			isa = PBXGroup;
			children = (
				6732F2A2224DB2F600011710 /* OshidoriUITests.swift */,
				6732F2A4224DB2F600011710 /* Info.plist */,
			);
			path = OshidoriUITests;
			sourceTree = "<group>";
		};
		673F94DC2279CBC200E293FE /* Service */ = {
			isa = PBXGroup;
			children = (
				67C7ABA722795FF700344D6E /* MypageService.swift */,
			);
			path = Service;
			sourceTree = "<group>";
		};
		673F94DD2279CBEE00E293FE /* Service */ = {
			isa = PBXGroup;
			children = (
				67579D7A22787FD2007AA6DA /* TimelineService.swift */,
			);
			path = Service;
			sourceTree = "<group>";
		};
		676AF03B228047AD00BDB911 /* ViewController */ = {
			isa = PBXGroup;
			children = (
				67920DDB2264730500127083 /* ReadQRcodeViewController.swift */,
				67DD01D322686DEC00583BF6 /* ReadQRcode.storyboard */,
			);
			path = ViewController;
			sourceTree = "<group>";
		};
		676AF05C2281530B00BDB911 /* PartnerSetting Page */ = {
			isa = PBXGroup;
			children = (
				676AF0592281512A00BDB911 /* PartnerSettingViewController.swift */,
				676AF05D2281532800BDB911 /* PartnerSettingViewController.storyboard */,
			);
			path = "PartnerSetting Page";
			sourceTree = "<group>";
		};
		676AF0632281721200BDB911 /* MessageRoom Page */ = {
			isa = PBXGroup;
			children = (
				676AF05F228171FB00BDB911 /* MessageRoomViewController.swift */,
				676AF0612281720C00BDB911 /* MessageRoomViewController.storyboard */,
				676AF0642281860F00BDB911 /* MessageRoomService.swift */,
			);
			path = "MessageRoom Page";
			sourceTree = "<group>";
		};
		677AB3002270228100DBCD62 /* Repository */ = {
			isa = PBXGroup;
			children = (
				677AB2FE2270227B00DBCD62 /* UserInformationFirestoreRepository.swift */,
				67C7ABAB2279607100344D6E /* UserMessageInfoFirestoreRepository.swift */,
				67579D7822787F4D007AA6DA /* TimelineFirestoreRepository.swift */,
				676AF0662281863500BDB911 /* MessageRoomFirestoreRepository.swift */,
				6732EA58227BEA6100C4AF6C /* RoomFirestoreRepository.swift */,
			);
			path = Repository;
			sourceTree = "<group>";
		};
		677AB3032270238A00DBCD62 /* Services */ = {
			isa = PBXGroup;
			children = (
				677AB3012270238400DBCD62 /* UserInfoService.swift */,
			);
			path = Services;
			sourceTree = "<group>";
		};
		67A2D59F2276797E00755F0B /* Common */ = {
			isa = PBXGroup;
			children = (
				6723DEB622509BAF00B3DF69 /* Extension */,
				6723DEAF224F740600B3DF69 /* Entities */,
				6723DEB3224F74DD00B3DF69 /* Storyboard */,
				677AB3032270238A00DBCD62 /* Services */,
				677AB3002270228100DBCD62 /* Repository */,
				67A2D5A02276799800755F0B /* Resources */,
			);
			path = Common;
			sourceTree = "<group>";
		};
		67A2D5A02276799800755F0B /* Resources */ = {
			isa = PBXGroup;
			children = (
				6732F289224DB2F600011710 /* Assets.xcassets */,
				6732F286224DB2F500011710 /* Oshidori.xcdatamodeld */,
				6732F28E224DB2F600011710 /* Info.plist */,
				67E291DD22867B2A00AF4B81 /* GoogleService-Info.plist */,
			);
			path = Resources;
			sourceTree = "<group>";
		};
		67A2D5A122767A2F00755F0B /* SelectRegisterOrLogin Page */ = {
			isa = PBXGroup;
			children = (
				670A16AD226D7F9B006C8F47 /* SelectRegisterOrLoginViewController.swift */,
				670A16AB226D76F8006C8F47 /* SelectRegisterOrLogin.storyboard */,
			);
			path = "SelectRegisterOrLogin Page";
			sourceTree = "<group>";
		};
		67A2D5A222767A4800755F0B /* Login Page */ = {
			isa = PBXGroup;
			children = (
				676AF06A2283F1BA00BDB911 /* ResettingPasswordViewController.swift */,
				6723DEA7224F10B600B3DF69 /* LoginViewController.swift */,
				6723DEA3224E176F00B3DF69 /* Login.storyboard */,
			);
			path = "Login Page";
			sourceTree = "<group>";
		};
		67A2D5A322767A5600755F0B /* RegistAuthUser Page */ = {
			isa = PBXGroup;
			children = (
				6723DEB72250AA7500B3DF69 /* RegistAuthUserViewController.swift */,
				67EE40CC2265947C00E2F2C5 /* RegistAuthUser.storyboard */,
			);
			path = "RegistAuthUser Page";
			sourceTree = "<group>";
		};
		67A2D5A422767AA200755F0B /* SendMessage Page */ = {
			isa = PBXGroup;
			children = (
				6723DEBF2254415C00B3DF69 /* SendMessageViewController.swift */,
				6723DEBB2253193500B3DF69 /* SendMessage.storyboard */,
			);
			path = "SendMessage Page";
			sourceTree = "<group>";
		};
		67A2D5A522767B9900755F0B /* ReceiveMessage Page */ = {
			isa = PBXGroup;
			children = (
				67A2D5B12276810800755F0B /* Cell */,
				6707E0AB225ADB4E00C12A5A /* ReceiveMessageViewController.swift */,
				67A2D5AF227680FA00755F0B /* ReceiveMessage.storyboard */,
			);
			path = "ReceiveMessage Page";
			sourceTree = "<group>";
		};
		67A2D5A622767BAB00755F0B /* Timeline Page */ = {
			isa = PBXGroup;
			children = (
				67A2D5B22276811200755F0B /* View */,
				67C7ABA92279601600344D6E /* ViewController */,
				673F94DD2279CBEE00E293FE /* Service */,
			);
			path = "Timeline Page";
			sourceTree = "<group>";
		};
		67A2D5A722767BC100755F0B /* ShowQRcode Page */ = {
			isa = PBXGroup;
			children = (
				67920DB62264409900127083 /* ShowQRcodeViewController.swift */,
				67920DB422643E8500127083 /* ShowQRcode.storyboard */,
			);
			path = "ShowQRcode Page";
			sourceTree = "<group>";
		};
		67A2D5A822767BD700755F0B /* ReadQRcode Page */ = {
			isa = PBXGroup;
			children = (
				676AF03B228047AD00BDB911 /* ViewController */,
				6732EA5C227BEF2C00C4AF6C /* ReadQRcodeService.swift */,
			);
			path = "ReadQRcode Page";
			sourceTree = "<group>";
		};
		67A2D5A922767BE400755F0B /* EditUserInfo Page */ = {
			isa = PBXGroup;
			children = (
				6732EA51227AB33800C4AF6C /* ViewController */,
				6732EA52227AB35C00C4AF6C /* EditUserInfoService.swift */,
			);
			path = "EditUserInfo Page";
			sourceTree = "<group>";
		};
		67A2D5AA22767C0C00755F0B /* RegistUserInfo Page */ = {
			isa = PBXGroup;
			children = (
				677D6BD82265F06700C5E069 /* RegistUserInfoViewController.swift */,
				67A2D5AD2276809600755F0B /* RegistUserInfo.storyboard */,
			);
			path = "RegistUserInfo Page";
			sourceTree = "<group>";
		};
		67A2D5B12276810800755F0B /* Cell */ = {
			isa = PBXGroup;
			children = (
				6707D3D7225AE7B0007529FA /* ReceiveMessageTableViewCell.swift */,
				6707D3D8225AE7B0007529FA /* ReceiveMessageTableViewCell.xib */,
			);
			path = Cell;
			sourceTree = "<group>";
		};
		67A2D5B22276811200755F0B /* View */ = {
			isa = PBXGroup;
			children = (
				67C9E04A225EC20200516B3D /* TimelineMessageTableViewCell.swift */,
				67C9E04B225EC20200516B3D /* TimelineMessageTableViewCellTableViewCell.xib */,
			);
			path = View;
			sourceTree = "<group>";
		};
		67A2D5B72276A89E00755F0B /* Mypage Page */ = {
			isa = PBXGroup;
			children = (
				67A2D5C02276BFDD00755F0B /* View */,
				67C7ABAA2279605C00344D6E /* ViewController */,
				673F94DC2279CBC200E293FE /* Service */,
			);
			path = "Mypage Page";
			sourceTree = "<group>";
		};
		67A2D5C02276BFDD00755F0B /* View */ = {
			isa = PBXGroup;
			children = (
				67A2D5B82276BEE100755F0B /* MyImageAndNameTableViewCell.swift */,
				67A2D5B92276BEE100755F0B /* MyImageAndNameTableViewCell.xib */,
				67A2D5BC2276BFD400755F0B /* MessageReportTableViewCell.swift */,
				67A2D5BD2276BFD400755F0B /* MessageReportTableViewCell.xib */,
			);
			path = View;
			sourceTree = "<group>";
		};
		67C7ABA92279601600344D6E /* ViewController */ = {
			isa = PBXGroup;
			children = (
				67C9E04E225EC22E00516B3D /* TimelineViewController.swift */,
				67C9E046225EB6DD00516B3D /* Timeline.storyboard */,
			);
			path = ViewController;
			sourceTree = "<group>";
		};
		67C7ABAA2279605C00344D6E /* ViewController */ = {
			isa = PBXGroup;
			children = (
				67A2D5B52276A89300755F0B /* Mypage.storyboard */,
				67A2D5B32276A88500755F0B /* MypageViewController.swift */,
			);
			path = ViewController;
			sourceTree = "<group>";
		};
		E07BC4EC061E887F5CAE56AD /* Frameworks */ = {
			isa = PBXGroup;
			children = (
				549C64E89FB8F49CDD276DD4 /* Pods_Oshidori.framework */,
				269001C7C32D0828E6D11825 /* Pods_OshidoriTests.framework */,
				7700FA585812734E8D2C9BA0 /* Pods_OshidoriUITests.framework */,
			);
			name = Frameworks;
			sourceTree = "<group>";
		};
/* End PBXGroup section */

/* Begin PBXNativeTarget section */
		6732F27B224DB2F500011710 /* Oshidori */ = {
			isa = PBXNativeTarget;
			buildConfigurationList = 6732F2A7224DB2F600011710 /* Build configuration list for PBXNativeTarget "Oshidori" */;
			buildPhases = (
				E909B8FA5A29ACFCD609D6C3 /* [CP] Check Pods Manifest.lock */,
				6732F278224DB2F500011710 /* Sources */,
				6732F279224DB2F500011710 /* Frameworks */,
				6732F27A224DB2F500011710 /* Resources */,
				7A14EC39A9F71E3BFB244BF6 /* [CP] Embed Pods Frameworks */,
			);
			buildRules = (
			);
			dependencies = (
			);
			name = Oshidori;
			productName = Oshidori;
			productReference = 6732F27C224DB2F500011710 /* Oshidori.app */;
			productType = "com.apple.product-type.application";
		};
		6732F292224DB2F600011710 /* OshidoriTests */ = {
			isa = PBXNativeTarget;
			buildConfigurationList = 6732F2AA224DB2F600011710 /* Build configuration list for PBXNativeTarget "OshidoriTests" */;
			buildPhases = (
				9E3F0E257B8B77214FA5EBD6 /* [CP] Check Pods Manifest.lock */,
				6732F28F224DB2F600011710 /* Sources */,
				6732F290224DB2F600011710 /* Frameworks */,
				6732F291224DB2F600011710 /* Resources */,
			);
			buildRules = (
			);
			dependencies = (
				6732F295224DB2F600011710 /* PBXTargetDependency */,
			);
			name = OshidoriTests;
			productName = OshidoriTests;
			productReference = 6732F293224DB2F600011710 /* OshidoriTests.xctest */;
			productType = "com.apple.product-type.bundle.unit-test";
		};
		6732F29D224DB2F600011710 /* OshidoriUITests */ = {
			isa = PBXNativeTarget;
			buildConfigurationList = 6732F2AD224DB2F600011710 /* Build configuration list for PBXNativeTarget "OshidoriUITests" */;
			buildPhases = (
				B9B1AC9DF9E0F51AD12A0A99 /* [CP] Check Pods Manifest.lock */,
				6732F29A224DB2F600011710 /* Sources */,
				6732F29B224DB2F600011710 /* Frameworks */,
				6732F29C224DB2F600011710 /* Resources */,
			);
			buildRules = (
			);
			dependencies = (
				6732F2A0224DB2F600011710 /* PBXTargetDependency */,
			);
			name = OshidoriUITests;
			productName = OshidoriUITests;
			productReference = 6732F29E224DB2F600011710 /* OshidoriUITests.xctest */;
			productType = "com.apple.product-type.bundle.ui-testing";
		};
/* End PBXNativeTarget section */

/* Begin PBXProject section */
		6732F274224DB2F500011710 /* Project object */ = {
			isa = PBXProject;
			attributes = {
				LastSwiftUpdateCheck = 1020;
				LastUpgradeCheck = 1020;
				ORGANIZATIONNAME = "山本竜也";
				TargetAttributes = {
					6732F27B224DB2F500011710 = {
						CreatedOnToolsVersion = 10.2;
						SystemCapabilities = {
							com.apple.BackgroundModes = {
								enabled = 1;
							};
							com.apple.Push = {
								enabled = 1;
							};
						};
					};
					6732F292224DB2F600011710 = {
						CreatedOnToolsVersion = 10.2;
						TestTargetID = 6732F27B224DB2F500011710;
					};
					6732F29D224DB2F600011710 = {
						CreatedOnToolsVersion = 10.2;
						TestTargetID = 6732F27B224DB2F500011710;
					};
				};
			};
			buildConfigurationList = 6732F277224DB2F500011710 /* Build configuration list for PBXProject "Oshidori" */;
			compatibilityVersion = "Xcode 10.0";
			developmentRegion = en;
			hasScannedForEncodings = 0;
			knownRegions = (
				en,
				Base,
			);
			mainGroup = 6732F273224DB2F500011710;
			productRefGroup = 6732F27D224DB2F500011710 /* Products */;
			projectDirPath = "";
			projectRoot = "";
			targets = (
				6732F27B224DB2F500011710 /* Oshidori */,
				6732F292224DB2F600011710 /* OshidoriTests */,
				6732F29D224DB2F600011710 /* OshidoriUITests */,
			);
		};
/* End PBXProject section */

/* Begin PBXResourcesBuildPhase section */
		6732F27A224DB2F500011710 /* Resources */ = {
			isa = PBXResourcesBuildPhase;
			buildActionMask = 2147483647;
			files = (
				6723DEA4224E176F00B3DF69 /* Login.storyboard in Resources */,
				67920DB522643E8500127083 /* ShowQRcode.storyboard in Resources */,
				67C9E047225EB6DD00516B3D /* Timeline.storyboard in Resources */,
				67C9E04D225EC20200516B3D /* TimelineMessageTableViewCellTableViewCell.xib in Resources */,
				676AF05E2281532800BDB911 /* PartnerSettingViewController.storyboard in Resources */,
				670A16AC226D76F8006C8F47 /* SelectRegisterOrLogin.storyboard in Resources */,
				6732F28D224DB2F600011710 /* LaunchScreen.storyboard in Resources */,
				67A2D5AC2276807200755F0B /* EditUserInfo.storyboard in Resources */,
				67A2D5BB2276BEE100755F0B /* MyImageAndNameTableViewCell.xib in Resources */,
				676AF0622281720C00BDB911 /* MessageRoomViewController.storyboard in Resources */,
				67A2D5BF2276BFD400755F0B /* MessageReportTableViewCell.xib in Resources */,
				67A2D5B62276A89300755F0B /* Mypage.storyboard in Resources */,
				67A2D5B0227680FA00755F0B /* ReceiveMessage.storyboard in Resources */,
				67C9E049225EB7D200516B3D /* Tabbar.storyboard in Resources */,
				67A2D5C42277042D00755F0B /* EditInformation.storyboard in Resources */,
				67A2D5AE2276809600755F0B /* RegistUserInfo.storyboard in Resources */,
				672B7D192286F6A3008FA9D1 /* AppDescriptionViewController.storyboard in Resources */,
				6732F28A224DB2F600011710 /* Assets.xcassets in Resources */,
				6707D3DA225AE7B0007529FA /* ReceiveMessageTableViewCell.xib in Resources */,
				67EE40CD2265947C00E2F2C5 /* RegistAuthUser.storyboard in Resources */,
				67E291DE22867B2A00AF4B81 /* GoogleService-Info.plist in Resources */,
				67DD01D422686DEC00583BF6 /* ReadQRcode.storyboard in Resources */,
				6723DEBC2253193500B3DF69 /* SendMessage.storyboard in Resources */,
			);
			runOnlyForDeploymentPostprocessing = 0;
		};
		6732F291224DB2F600011710 /* Resources */ = {
			isa = PBXResourcesBuildPhase;
			buildActionMask = 2147483647;
			files = (
			);
			runOnlyForDeploymentPostprocessing = 0;
		};
		6732F29C224DB2F600011710 /* Resources */ = {
			isa = PBXResourcesBuildPhase;
			buildActionMask = 2147483647;
			files = (
			);
			runOnlyForDeploymentPostprocessing = 0;
		};
/* End PBXResourcesBuildPhase section */

/* Begin PBXShellScriptBuildPhase section */
		7A14EC39A9F71E3BFB244BF6 /* [CP] Embed Pods Frameworks */ = {
			isa = PBXShellScriptBuildPhase;
			buildActionMask = 2147483647;
			files = (
			);
			inputFileListPaths = (
			);
			inputPaths = (
				"${PODS_ROOT}/Target Support Files/Pods-Oshidori/Pods-Oshidori-frameworks.sh",
				"${BUILT_PRODUCTS_DIR}/BoringSSL-GRPC/openssl_grpc.framework",
				"${BUILT_PRODUCTS_DIR}/DZNEmptyDataSet/DZNEmptyDataSet.framework",
				"${BUILT_PRODUCTS_DIR}/Eureka/Eureka.framework",
				"${BUILT_PRODUCTS_DIR}/GTMSessionFetcher/GTMSessionFetcher.framework",
				"${BUILT_PRODUCTS_DIR}/GoogleUtilities/GoogleUtilities.framework",
				"${BUILT_PRODUCTS_DIR}/ImageRow/ImageRow.framework",
				"${BUILT_PRODUCTS_DIR}/InputBarAccessoryView/InputBarAccessoryView.framework",
				"${BUILT_PRODUCTS_DIR}/MessageKit/MessageKit.framework",
				"${BUILT_PRODUCTS_DIR}/Nuke/Nuke.framework",
				"${BUILT_PRODUCTS_DIR}/PKHUD/PKHUD.framework",
				"${BUILT_PRODUCTS_DIR}/Protobuf/Protobuf.framework",
				"${BUILT_PRODUCTS_DIR}/TextFieldEffects/TextFieldEffects.framework",
				"${BUILT_PRODUCTS_DIR}/gRPC-C++/grpcpp.framework",
				"${BUILT_PRODUCTS_DIR}/gRPC-Core/grpc.framework",
				"${BUILT_PRODUCTS_DIR}/leveldb-library/leveldb.framework",
				"${BUILT_PRODUCTS_DIR}/nanopb/nanopb.framework",
			);
			name = "[CP] Embed Pods Frameworks";
			outputFileListPaths = (
			);
			outputPaths = (
				"${TARGET_BUILD_DIR}/${FRAMEWORKS_FOLDER_PATH}/openssl_grpc.framework",
				"${TARGET_BUILD_DIR}/${FRAMEWORKS_FOLDER_PATH}/DZNEmptyDataSet.framework",
				"${TARGET_BUILD_DIR}/${FRAMEWORKS_FOLDER_PATH}/Eureka.framework",
				"${TARGET_BUILD_DIR}/${FRAMEWORKS_FOLDER_PATH}/GTMSessionFetcher.framework",
				"${TARGET_BUILD_DIR}/${FRAMEWORKS_FOLDER_PATH}/GoogleUtilities.framework",
				"${TARGET_BUILD_DIR}/${FRAMEWORKS_FOLDER_PATH}/ImageRow.framework",
				"${TARGET_BUILD_DIR}/${FRAMEWORKS_FOLDER_PATH}/InputBarAccessoryView.framework",
				"${TARGET_BUILD_DIR}/${FRAMEWORKS_FOLDER_PATH}/MessageKit.framework",
				"${TARGET_BUILD_DIR}/${FRAMEWORKS_FOLDER_PATH}/Nuke.framework",
				"${TARGET_BUILD_DIR}/${FRAMEWORKS_FOLDER_PATH}/PKHUD.framework",
				"${TARGET_BUILD_DIR}/${FRAMEWORKS_FOLDER_PATH}/Protobuf.framework",
				"${TARGET_BUILD_DIR}/${FRAMEWORKS_FOLDER_PATH}/TextFieldEffects.framework",
				"${TARGET_BUILD_DIR}/${FRAMEWORKS_FOLDER_PATH}/grpcpp.framework",
				"${TARGET_BUILD_DIR}/${FRAMEWORKS_FOLDER_PATH}/grpc.framework",
				"${TARGET_BUILD_DIR}/${FRAMEWORKS_FOLDER_PATH}/leveldb.framework",
				"${TARGET_BUILD_DIR}/${FRAMEWORKS_FOLDER_PATH}/nanopb.framework",
			);
			runOnlyForDeploymentPostprocessing = 0;
			shellPath = /bin/sh;
			shellScript = "\"${PODS_ROOT}/Target Support Files/Pods-Oshidori/Pods-Oshidori-frameworks.sh\"\n";
			showEnvVarsInLog = 0;
		};
		9E3F0E257B8B77214FA5EBD6 /* [CP] Check Pods Manifest.lock */ = {
			isa = PBXShellScriptBuildPhase;
			buildActionMask = 2147483647;
			files = (
			);
			inputFileListPaths = (
			);
			inputPaths = (
				"${PODS_PODFILE_DIR_PATH}/Podfile.lock",
				"${PODS_ROOT}/Manifest.lock",
			);
			name = "[CP] Check Pods Manifest.lock";
			outputFileListPaths = (
			);
			outputPaths = (
				"$(DERIVED_FILE_DIR)/Pods-OshidoriTests-checkManifestLockResult.txt",
			);
			runOnlyForDeploymentPostprocessing = 0;
			shellPath = /bin/sh;
			shellScript = "diff \"${PODS_PODFILE_DIR_PATH}/Podfile.lock\" \"${PODS_ROOT}/Manifest.lock\" > /dev/null\nif [ $? != 0 ] ; then\n    # print error to STDERR\n    echo \"error: The sandbox is not in sync with the Podfile.lock. Run 'pod install' or update your CocoaPods installation.\" >&2\n    exit 1\nfi\n# This output is used by Xcode 'outputs' to avoid re-running this script phase.\necho \"SUCCESS\" > \"${SCRIPT_OUTPUT_FILE_0}\"\n";
			showEnvVarsInLog = 0;
		};
		B9B1AC9DF9E0F51AD12A0A99 /* [CP] Check Pods Manifest.lock */ = {
			isa = PBXShellScriptBuildPhase;
			buildActionMask = 2147483647;
			files = (
			);
			inputFileListPaths = (
			);
			inputPaths = (
				"${PODS_PODFILE_DIR_PATH}/Podfile.lock",
				"${PODS_ROOT}/Manifest.lock",
			);
			name = "[CP] Check Pods Manifest.lock";
			outputFileListPaths = (
			);
			outputPaths = (
				"$(DERIVED_FILE_DIR)/Pods-OshidoriUITests-checkManifestLockResult.txt",
			);
			runOnlyForDeploymentPostprocessing = 0;
			shellPath = /bin/sh;
			shellScript = "diff \"${PODS_PODFILE_DIR_PATH}/Podfile.lock\" \"${PODS_ROOT}/Manifest.lock\" > /dev/null\nif [ $? != 0 ] ; then\n    # print error to STDERR\n    echo \"error: The sandbox is not in sync with the Podfile.lock. Run 'pod install' or update your CocoaPods installation.\" >&2\n    exit 1\nfi\n# This output is used by Xcode 'outputs' to avoid re-running this script phase.\necho \"SUCCESS\" > \"${SCRIPT_OUTPUT_FILE_0}\"\n";
			showEnvVarsInLog = 0;
		};
		E909B8FA5A29ACFCD609D6C3 /* [CP] Check Pods Manifest.lock */ = {
			isa = PBXShellScriptBuildPhase;
			buildActionMask = 2147483647;
			files = (
			);
			inputFileListPaths = (
			);
			inputPaths = (
				"${PODS_PODFILE_DIR_PATH}/Podfile.lock",
				"${PODS_ROOT}/Manifest.lock",
			);
			name = "[CP] Check Pods Manifest.lock";
			outputFileListPaths = (
			);
			outputPaths = (
				"$(DERIVED_FILE_DIR)/Pods-Oshidori-checkManifestLockResult.txt",
			);
			runOnlyForDeploymentPostprocessing = 0;
			shellPath = /bin/sh;
			shellScript = "diff \"${PODS_PODFILE_DIR_PATH}/Podfile.lock\" \"${PODS_ROOT}/Manifest.lock\" > /dev/null\nif [ $? != 0 ] ; then\n    # print error to STDERR\n    echo \"error: The sandbox is not in sync with the Podfile.lock. Run 'pod install' or update your CocoaPods installation.\" >&2\n    exit 1\nfi\n# This output is used by Xcode 'outputs' to avoid re-running this script phase.\necho \"SUCCESS\" > \"${SCRIPT_OUTPUT_FILE_0}\"\n";
			showEnvVarsInLog = 0;
		};
/* End PBXShellScriptBuildPhase section */

/* Begin PBXSourcesBuildPhase section */
		6732F278224DB2F500011710 /* Sources */ = {
			isa = PBXSourcesBuildPhase;
			buildActionMask = 2147483647;
			files = (
				67A2D5B42276A88500755F0B /* MypageViewController.swift in Sources */,
				67579D7922787F4D007AA6DA /* TimelineFirestoreRepository.swift in Sources */,
				67C7ABA822795FF700344D6E /* MypageService.swift in Sources */,
				67C7ABAC2279607100344D6E /* UserMessageInfoFirestoreRepository.swift in Sources */,
				67920DDC2264730500127083 /* ReadQRcodeViewController.swift in Sources */,
				6732EA53227AB35C00C4AF6C /* EditUserInfoService.swift in Sources */,
				67A2D5BA2276BEE100755F0B /* MyImageAndNameTableViewCell.swift in Sources */,
				6723DEB522509BA100B3DF69 /* UIViewController.swift in Sources */,
				67C9E053226017B200516B3D /* TabBarController.swift in Sources */,
				677D6BD92265F06700C5E069 /* RegistUserInfoViewController.swift in Sources */,
				670A16AE226D7F9B006C8F47 /* SelectRegisterOrLoginViewController.swift in Sources */,
				6723DEA8224F10B600B3DF69 /* LoginViewController.swift in Sources */,
				6732EA5B227BEAB700C4AF6C /* Room.swift in Sources */,
				6732EA5D227BEF2C00C4AF6C /* ReadQRcodeService.swift in Sources */,
				67920DB72264409900127083 /* ShowQRcodeViewController.swift in Sources */,
				67EE40D12265D58800E2F2C5 /* UserInformation.swift in Sources */,
				6736F1632254B45000E89952 /* UserDefault.swift in Sources */,
				676AF060228171FB00BDB911 /* MessageRoomViewController.swift in Sources */,
				676AF0672281863500BDB911 /* MessageRoomFirestoreRepository.swift in Sources */,
				67C7ABAE2279A04A00344D6E /* RepresentationMessage.swift in Sources */,
				6732EA59227BEA6100C4AF6C /* RoomFirestoreRepository.swift in Sources */,
				676AF0652281860F00BDB911 /* MessageRoomService.swift in Sources */,
				6723DEBE2254396700B3DF69 /* Message.swift in Sources */,
				676AF05A2281512A00BDB911 /* PartnerSettingViewController.swift in Sources */,
				67C9E0512260131700516B3D /* OshidoriColor.swift in Sources */,
				6723DEB82250AA7500B3DF69 /* RegistAuthUserViewController.swift in Sources */,
				677AB3022270238400DBCD62 /* UserInfoService.swift in Sources */,
				67579D7122782132007AA6DA /* UserMessageInfo.swift in Sources */,
				6732F280224DB2F500011710 /* AppDelegate.swift in Sources */,
				6723DEAC224F51C800B3DF69 /* User.swift in Sources */,
				6723DEAE224F52BB00B3DF69 /* Credential.swift in Sources */,
				6723DEC02254415C00B3DF69 /* SendMessageViewController.swift in Sources */,
				672B7D162286F674008FA9D1 /* AppDescriptionViewController.swift in Sources */,
				676AF050228050EA00BDB911 /* UIStoryboard+Instantiation.swift in Sources */,
				67EE40CF2265AAFF00E2F2C5 /* EditUserInfoViewController.swift in Sources */,
				6707E0AC225ADB4E00C12A5A /* ReceiveMessageViewController.swift in Sources */,
				6707D3D9225AE7B0007529FA /* ReceiveMessageTableViewCell.swift in Sources */,
				67C9E04F225EC22E00516B3D /* TimelineViewController.swift in Sources */,
				67579D7B22787FD2007AA6DA /* TimelineService.swift in Sources */,
				67C9E04C225EC20200516B3D /* TimelineMessageTableViewCell.swift in Sources */,
				67A2D5C62277044600755F0B /* EditInformationViewController.swift in Sources */,
				6732F288224DB2F500011710 /* Oshidori.xcdatamodeld in Sources */,
				67A2D5BE2276BFD400755F0B /* MessageReportTableViewCell.swift in Sources */,
				677AB2FF2270227B00DBCD62 /* UserInformationFirestoreRepository.swift in Sources */,
				676AF06B2283F1BA00BDB911 /* ResettingPasswordViewController.swift in Sources */,
			);
			runOnlyForDeploymentPostprocessing = 0;
		};
		6732F28F224DB2F600011710 /* Sources */ = {
			isa = PBXSourcesBuildPhase;
			buildActionMask = 2147483647;
			files = (
				6732F298224DB2F600011710 /* OshidoriTests.swift in Sources */,
			);
			runOnlyForDeploymentPostprocessing = 0;
		};
		6732F29A224DB2F600011710 /* Sources */ = {
			isa = PBXSourcesBuildPhase;
			buildActionMask = 2147483647;
			files = (
				6732F2A3224DB2F600011710 /* OshidoriUITests.swift in Sources */,
			);
			runOnlyForDeploymentPostprocessing = 0;
		};
/* End PBXSourcesBuildPhase section */

/* Begin PBXTargetDependency section */
		6732F295224DB2F600011710 /* PBXTargetDependency */ = {
			isa = PBXTargetDependency;
			target = 6732F27B224DB2F500011710 /* Oshidori */;
			targetProxy = 6732F294224DB2F600011710 /* PBXContainerItemProxy */;
		};
		6732F2A0224DB2F600011710 /* PBXTargetDependency */ = {
			isa = PBXTargetDependency;
			target = 6732F27B224DB2F500011710 /* Oshidori */;
			targetProxy = 6732F29F224DB2F600011710 /* PBXContainerItemProxy */;
		};
/* End PBXTargetDependency section */

/* Begin PBXVariantGroup section */
		6732F28B224DB2F600011710 /* LaunchScreen.storyboard */ = {
			isa = PBXVariantGroup;
			children = (
				6732F28C224DB2F600011710 /* Base */,
			);
			name = LaunchScreen.storyboard;
			sourceTree = "<group>";
		};
/* End PBXVariantGroup section */

/* Begin XCBuildConfiguration section */
		6732F2A5224DB2F600011710 /* Debug */ = {
			isa = XCBuildConfiguration;
			buildSettings = {
				ALWAYS_SEARCH_USER_PATHS = NO;
				CLANG_ANALYZER_NONNULL = YES;
				CLANG_ANALYZER_NUMBER_OBJECT_CONVERSION = YES_AGGRESSIVE;
				CLANG_CXX_LANGUAGE_STANDARD = "gnu++14";
				CLANG_CXX_LIBRARY = "libc++";
				CLANG_ENABLE_MODULES = YES;
				CLANG_ENABLE_OBJC_ARC = YES;
				CLANG_ENABLE_OBJC_WEAK = YES;
				CLANG_WARN_BLOCK_CAPTURE_AUTORELEASING = YES;
				CLANG_WARN_BOOL_CONVERSION = YES;
				CLANG_WARN_COMMA = YES;
				CLANG_WARN_CONSTANT_CONVERSION = YES;
				CLANG_WARN_DEPRECATED_OBJC_IMPLEMENTATIONS = YES;
				CLANG_WARN_DIRECT_OBJC_ISA_USAGE = YES_ERROR;
				CLANG_WARN_DOCUMENTATION_COMMENTS = YES;
				CLANG_WARN_EMPTY_BODY = YES;
				CLANG_WARN_ENUM_CONVERSION = YES;
				CLANG_WARN_INFINITE_RECURSION = YES;
				CLANG_WARN_INT_CONVERSION = YES;
				CLANG_WARN_NON_LITERAL_NULL_CONVERSION = YES;
				CLANG_WARN_OBJC_IMPLICIT_RETAIN_SELF = YES;
				CLANG_WARN_OBJC_LITERAL_CONVERSION = YES;
				CLANG_WARN_OBJC_ROOT_CLASS = YES_ERROR;
				CLANG_WARN_RANGE_LOOP_ANALYSIS = YES;
				CLANG_WARN_STRICT_PROTOTYPES = YES;
				CLANG_WARN_SUSPICIOUS_MOVE = YES;
				CLANG_WARN_UNGUARDED_AVAILABILITY = YES_AGGRESSIVE;
				CLANG_WARN_UNREACHABLE_CODE = YES;
				CLANG_WARN__DUPLICATE_METHOD_MATCH = YES;
				CODE_SIGN_IDENTITY = "iPhone Developer";
				COPY_PHASE_STRIP = NO;
				DEBUG_INFORMATION_FORMAT = dwarf;
				ENABLE_STRICT_OBJC_MSGSEND = YES;
				ENABLE_TESTABILITY = YES;
				GCC_C_LANGUAGE_STANDARD = gnu11;
				GCC_DYNAMIC_NO_PIC = NO;
				GCC_NO_COMMON_BLOCKS = YES;
				GCC_OPTIMIZATION_LEVEL = 0;
				GCC_PREPROCESSOR_DEFINITIONS = (
					"DEBUG=1",
					"$(inherited)",
				);
				GCC_WARN_64_TO_32_BIT_CONVERSION = YES;
				GCC_WARN_ABOUT_RETURN_TYPE = YES_ERROR;
				GCC_WARN_UNDECLARED_SELECTOR = YES;
				GCC_WARN_UNINITIALIZED_AUTOS = YES_AGGRESSIVE;
				GCC_WARN_UNUSED_FUNCTION = YES;
				GCC_WARN_UNUSED_VARIABLE = YES;
				IPHONEOS_DEPLOYMENT_TARGET = 12.0;
				MTL_ENABLE_DEBUG_INFO = INCLUDE_SOURCE;
				MTL_FAST_MATH = YES;
				ONLY_ACTIVE_ARCH = YES;
				SDKROOT = iphoneos;
				SWIFT_ACTIVE_COMPILATION_CONDITIONS = DEBUG;
				SWIFT_OPTIMIZATION_LEVEL = "-Onone";
			};
			name = Debug;
		};
		6732F2A6224DB2F600011710 /* Release */ = {
			isa = XCBuildConfiguration;
			buildSettings = {
				ALWAYS_SEARCH_USER_PATHS = NO;
				CLANG_ANALYZER_NONNULL = YES;
				CLANG_ANALYZER_NUMBER_OBJECT_CONVERSION = YES_AGGRESSIVE;
				CLANG_CXX_LANGUAGE_STANDARD = "gnu++14";
				CLANG_CXX_LIBRARY = "libc++";
				CLANG_ENABLE_MODULES = YES;
				CLANG_ENABLE_OBJC_ARC = YES;
				CLANG_ENABLE_OBJC_WEAK = YES;
				CLANG_WARN_BLOCK_CAPTURE_AUTORELEASING = YES;
				CLANG_WARN_BOOL_CONVERSION = YES;
				CLANG_WARN_COMMA = YES;
				CLANG_WARN_CONSTANT_CONVERSION = YES;
				CLANG_WARN_DEPRECATED_OBJC_IMPLEMENTATIONS = YES;
				CLANG_WARN_DIRECT_OBJC_ISA_USAGE = YES_ERROR;
				CLANG_WARN_DOCUMENTATION_COMMENTS = YES;
				CLANG_WARN_EMPTY_BODY = YES;
				CLANG_WARN_ENUM_CONVERSION = YES;
				CLANG_WARN_INFINITE_RECURSION = YES;
				CLANG_WARN_INT_CONVERSION = YES;
				CLANG_WARN_NON_LITERAL_NULL_CONVERSION = YES;
				CLANG_WARN_OBJC_IMPLICIT_RETAIN_SELF = YES;
				CLANG_WARN_OBJC_LITERAL_CONVERSION = YES;
				CLANG_WARN_OBJC_ROOT_CLASS = YES_ERROR;
				CLANG_WARN_RANGE_LOOP_ANALYSIS = YES;
				CLANG_WARN_STRICT_PROTOTYPES = YES;
				CLANG_WARN_SUSPICIOUS_MOVE = YES;
				CLANG_WARN_UNGUARDED_AVAILABILITY = YES_AGGRESSIVE;
				CLANG_WARN_UNREACHABLE_CODE = YES;
				CLANG_WARN__DUPLICATE_METHOD_MATCH = YES;
				CODE_SIGN_IDENTITY = "iPhone Developer";
				COPY_PHASE_STRIP = NO;
				DEBUG_INFORMATION_FORMAT = "dwarf-with-dsym";
				ENABLE_NS_ASSERTIONS = NO;
				ENABLE_STRICT_OBJC_MSGSEND = YES;
				GCC_C_LANGUAGE_STANDARD = gnu11;
				GCC_NO_COMMON_BLOCKS = YES;
				GCC_WARN_64_TO_32_BIT_CONVERSION = YES;
				GCC_WARN_ABOUT_RETURN_TYPE = YES_ERROR;
				GCC_WARN_UNDECLARED_SELECTOR = YES;
				GCC_WARN_UNINITIALIZED_AUTOS = YES_AGGRESSIVE;
				GCC_WARN_UNUSED_FUNCTION = YES;
				GCC_WARN_UNUSED_VARIABLE = YES;
				IPHONEOS_DEPLOYMENT_TARGET = 12.0;
				MTL_ENABLE_DEBUG_INFO = NO;
				MTL_FAST_MATH = YES;
				SDKROOT = iphoneos;
				SWIFT_COMPILATION_MODE = wholemodule;
				SWIFT_OPTIMIZATION_LEVEL = "-O";
				VALIDATE_PRODUCT = YES;
			};
			name = Release;
		};
		6732F2A8224DB2F600011710 /* Debug */ = {
			isa = XCBuildConfiguration;
			baseConfigurationReference = 94F39C30B74CB220E1073109 /* Pods-Oshidori.debug.xcconfig */;
			buildSettings = {
				ASSETCATALOG_COMPILER_APPICON_NAME = AppIcon;
				CODE_SIGN_ENTITLEMENTS = Oshidori/Oshidori.entitlements;
				CODE_SIGN_IDENTITY = "iPhone Developer";
				CODE_SIGN_STYLE = Automatic;
				DEVELOPMENT_TEAM = 92S7PT7663;
				INFOPLIST_FILE = "$(SRCROOT)/Oshidori/Common/Resources/Info.plist";
				LD_RUNPATH_SEARCH_PATHS = (
					"$(inherited)",
					"@executable_path/Frameworks",
				);
				PRODUCT_BUNDLE_IDENTIFIER = "com.yamatatsu-tech.Oshidori";
				PRODUCT_NAME = "$(TARGET_NAME)";
				SWIFT_VERSION = 5.0;
				TARGETED_DEVICE_FAMILY = "1,2";
			};
			name = Debug;
		};
		6732F2A9224DB2F600011710 /* Release */ = {
			isa = XCBuildConfiguration;
			baseConfigurationReference = FF072515068B5F54AC5B64AE /* Pods-Oshidori.release.xcconfig */;
			buildSettings = {
				ASSETCATALOG_COMPILER_APPICON_NAME = AppIcon;
				CODE_SIGN_ENTITLEMENTS = Oshidori/Oshidori.entitlements;
				CODE_SIGN_IDENTITY = "iPhone Developer";
				CODE_SIGN_STYLE = Automatic;
				DEVELOPMENT_TEAM = 92S7PT7663;
				INFOPLIST_FILE = "$(SRCROOT)/Oshidori/Common/Resources/Info.plist";
				LD_RUNPATH_SEARCH_PATHS = (
					"$(inherited)",
					"@executable_path/Frameworks",
				);
				PRODUCT_BUNDLE_IDENTIFIER = "com.yamatatsu-tech.Oshidori";
				PRODUCT_NAME = "$(TARGET_NAME)";
				SWIFT_VERSION = 5.0;
				TARGETED_DEVICE_FAMILY = "1,2";
			};
			name = Release;
		};
		6732F2AB224DB2F600011710 /* Debug */ = {
			isa = XCBuildConfiguration;
			baseConfigurationReference = A484EA0957D17B99E82E6CB8 /* Pods-OshidoriTests.debug.xcconfig */;
			buildSettings = {
				ALWAYS_EMBED_SWIFT_STANDARD_LIBRARIES = YES;
				BUNDLE_LOADER = "$(TEST_HOST)";
				CODE_SIGN_STYLE = Automatic;
				DEVELOPMENT_TEAM = 92S7PT7663;
				INFOPLIST_FILE = OshidoriTests/Info.plist;
				LD_RUNPATH_SEARCH_PATHS = (
					"$(inherited)",
					"@executable_path/Frameworks",
					"@loader_path/Frameworks",
				);
				PRODUCT_BUNDLE_IDENTIFIER = "com.yamatatsu-tech.OshidoriTests";
				PRODUCT_NAME = "$(TARGET_NAME)";
				SWIFT_VERSION = 5.0;
				TARGETED_DEVICE_FAMILY = "1,2";
				TEST_HOST = "$(BUILT_PRODUCTS_DIR)/Oshidori.app/Oshidori";
			};
			name = Debug;
		};
		6732F2AC224DB2F600011710 /* Release */ = {
			isa = XCBuildConfiguration;
			baseConfigurationReference = 2369E401E5EEF6AB5F998CEE /* Pods-OshidoriTests.release.xcconfig */;
			buildSettings = {
				ALWAYS_EMBED_SWIFT_STANDARD_LIBRARIES = YES;
				BUNDLE_LOADER = "$(TEST_HOST)";
				CODE_SIGN_STYLE = Automatic;
				DEVELOPMENT_TEAM = 92S7PT7663;
				INFOPLIST_FILE = OshidoriTests/Info.plist;
				LD_RUNPATH_SEARCH_PATHS = (
					"$(inherited)",
					"@executable_path/Frameworks",
					"@loader_path/Frameworks",
				);
				PRODUCT_BUNDLE_IDENTIFIER = "com.yamatatsu-tech.OshidoriTests";
				PRODUCT_NAME = "$(TARGET_NAME)";
				SWIFT_VERSION = 5.0;
				TARGETED_DEVICE_FAMILY = "1,2";
				TEST_HOST = "$(BUILT_PRODUCTS_DIR)/Oshidori.app/Oshidori";
			};
			name = Release;
		};
		6732F2AE224DB2F600011710 /* Debug */ = {
			isa = XCBuildConfiguration;
			baseConfigurationReference = E52C300833ED9195138F7411 /* Pods-OshidoriUITests.debug.xcconfig */;
			buildSettings = {
				ALWAYS_EMBED_SWIFT_STANDARD_LIBRARIES = YES;
				CODE_SIGN_STYLE = Automatic;
				DEVELOPMENT_TEAM = 92S7PT7663;
				INFOPLIST_FILE = OshidoriUITests/Info.plist;
				LD_RUNPATH_SEARCH_PATHS = (
					"$(inherited)",
					"@executable_path/Frameworks",
					"@loader_path/Frameworks",
				);
				PRODUCT_BUNDLE_IDENTIFIER = "com.yamatatsu-tech.OshidoriUITests";
				PRODUCT_NAME = "$(TARGET_NAME)";
				SWIFT_VERSION = 5.0;
				TARGETED_DEVICE_FAMILY = "1,2";
				TEST_TARGET_NAME = Oshidori;
			};
			name = Debug;
		};
		6732F2AF224DB2F600011710 /* Release */ = {
			isa = XCBuildConfiguration;
			baseConfigurationReference = 3F67F92A9913F9418DE25909 /* Pods-OshidoriUITests.release.xcconfig */;
			buildSettings = {
				ALWAYS_EMBED_SWIFT_STANDARD_LIBRARIES = YES;
				CODE_SIGN_STYLE = Automatic;
				DEVELOPMENT_TEAM = 92S7PT7663;
				INFOPLIST_FILE = OshidoriUITests/Info.plist;
				LD_RUNPATH_SEARCH_PATHS = (
					"$(inherited)",
					"@executable_path/Frameworks",
					"@loader_path/Frameworks",
				);
				PRODUCT_BUNDLE_IDENTIFIER = "com.yamatatsu-tech.OshidoriUITests";
				PRODUCT_NAME = "$(TARGET_NAME)";
				SWIFT_VERSION = 5.0;
				TARGETED_DEVICE_FAMILY = "1,2";
				TEST_TARGET_NAME = Oshidori;
			};
			name = Release;
		};
/* End XCBuildConfiguration section */

/* Begin XCConfigurationList section */
		6732F277224DB2F500011710 /* Build configuration list for PBXProject "Oshidori" */ = {
			isa = XCConfigurationList;
			buildConfigurations = (
				6732F2A5224DB2F600011710 /* Debug */,
				6732F2A6224DB2F600011710 /* Release */,
			);
			defaultConfigurationIsVisible = 0;
			defaultConfigurationName = Release;
		};
		6732F2A7224DB2F600011710 /* Build configuration list for PBXNativeTarget "Oshidori" */ = {
			isa = XCConfigurationList;
			buildConfigurations = (
				6732F2A8224DB2F600011710 /* Debug */,
				6732F2A9224DB2F600011710 /* Release */,
			);
			defaultConfigurationIsVisible = 0;
			defaultConfigurationName = Release;
		};
		6732F2AA224DB2F600011710 /* Build configuration list for PBXNativeTarget "OshidoriTests" */ = {
			isa = XCConfigurationList;
			buildConfigurations = (
				6732F2AB224DB2F600011710 /* Debug */,
				6732F2AC224DB2F600011710 /* Release */,
			);
			defaultConfigurationIsVisible = 0;
			defaultConfigurationName = Release;
		};
		6732F2AD224DB2F600011710 /* Build configuration list for PBXNativeTarget "OshidoriUITests" */ = {
			isa = XCConfigurationList;
			buildConfigurations = (
				6732F2AE224DB2F600011710 /* Debug */,
				6732F2AF224DB2F600011710 /* Release */,
			);
			defaultConfigurationIsVisible = 0;
			defaultConfigurationName = Release;
		};
/* End XCConfigurationList section */

/* Begin XCVersionGroup section */
		6732F286224DB2F500011710 /* Oshidori.xcdatamodeld */ = {
			isa = XCVersionGroup;
			children = (
				6732F287224DB2F500011710 /* Oshidori.xcdatamodel */,
			);
			currentVersion = 6732F287224DB2F500011710 /* Oshidori.xcdatamodel */;
			path = Oshidori.xcdatamodeld;
			sourceTree = "<group>";
			versionGroupType = wrapper.xcdatamodel;
		};
/* End XCVersionGroup section */
	};
	rootObject = 6732F274224DB2F500011710 /* Project object */;
}
